
Microsoft Visual Studio Solution File, Format Version 12.00
# Visual Studio Version 18
VisualStudioVersion = 18.6.11819.183 stable
MinimumVisualStudioVersion = 10.0.40219.1
Project("{2150E333-8FDC-42A3-9474-1A3956D46DE8}") = "GHOST", "GHOST", "{A1B2C3D4-E5F6-7890-ABCD-EF1234567890}"
EndProject
Project("{2150E333-8FDC-42A3-9474-1A3956D46DE8}") = "FOLHA", "FOLHA", "{B2C3D4E5-F6A7-8901-BCDE-F23456789012}"
EndProject
Project("{FAE04EC0-301F-11D3-BF4B-00C04F79EFBC}") = "Domain", "src\GHOST\Domain\Domain.csproj", "{8B4E2F1A-6C3D-4E5F-9A1B-2C3D4E5F6A7B}"
EndProject
Project("{FAE04EC0-301F-11D3-BF4B-00C04F79EFBC}") = "Application", "src\GHOST\Application\Application.csproj", "{9C5F3A2B-7D4E-5F6A-0B2C-3D4E5F6A7B8C}"
EndProject
Project("{FAE04EC0-301F-11D3-BF4B-00C04F79EFBC}") = "Infrastructure", "src\GHOST\Infrastructure\Infrastructure.csproj", "{0D6A4B3C-8E5F-6A7B-1C3D-4E5F6A7B8C9D}"
EndProject
Project("{FAE04EC0-301F-11D3-BF4B-00C04F79EFBC}") = "Api", "src\GHOST\Api\Api.csproj", "{1E7A5B4D-9F6A-7B8C-2D4E-5F6A7B8C9D0E}"
EndProject
Project("{FAE04EC0-301F-11D3-BF4B-00C04F79EFBC}") = "Folha.Domain", "src\FOLHA\Folha.Domain\Folha.Domain.csproj", "{2F8B6C5E-0A7B-8C9D-3E5F-6A7B8C9D0E1F}"
EndProject
Project("{FAE04EC0-301F-11D3-BF4B-00C04F79EFBC}") = "Folha.Application", "src\FOLHA\Folha.Application\Folha.Application.csproj", "{3A9C7D6F-1B8C-9D0E-4F6A-7B8C9D0E1F2A}"
EndProject
Project("{FAE04EC0-301F-11D3-BF4B-00C04F79EFBC}") = "Folha.Infrastructure", "src\FOLHA\Folha.Infrastructure\Folha.Infrastructure.csproj", "{4B0D8E7A-2C9D-0E1F-5A7B-8C9D0E1F2A3B}"
EndProject
Project("{FAE04EC0-301F-11D3-BF4B-00C04F79EFBC}") = "Folha.Api", "src\FOLHA\Folha.Api\Folha.Api.csproj", "{5C1E9F8B-3D0E-1F2A-6B8C-9D0E1F2A3B4C}"
EndProject
Project("{2150E333-8FDC-42A3-9474-1A3956D46DE8}") = "src", "src", "{827E0CD3-B72D-47B6-A68D-7590B98EB39B}"
EndProject
Project("{2150E333-8FDC-42A3-9474-1A3956D46DE8}") = "ABASTA", "ABASTA", "{219B5108-F93C-06A9-5829-D550687635DB}"
EndProject
Project("{FAE04EC0-301F-11D3-BF4B-00C04F79EFBC}") = "Abasta.Domain", "src\ABASTA\Abasta.Domain\Abasta.Domain.csproj", "{2DA72ADB-9158-4F58-A24C-249F27856E9E}"
EndProject
Project("{FAE04EC0-301F-11D3-BF4B-00C04F79EFBC}") = "Abasta.Application", "src\ABASTA\Abasta.Application\Abasta.Application.csproj", "{769EC468-90FD-41C9-8A09-76F5691E3F98}"
EndProject
Project("{FAE04EC0-301F-11D3-BF4B-00C04F79EFBC}") = "Abasta.Infrastructure", "src\ABASTA\Abasta.Infrastructure\Abasta.Infrastructure.csproj", "{EAF357DB-D7E8-45C5-8753-3DF0CBDADB90}"
EndProject
Project("{FAE04EC0-301F-11D3-BF4B-00C04F79EFBC}") = "Abasta.Api", "src\ABASTA\Abasta.Api\Abasta.Api.csproj", "{D402E132-3EAE-4631-A305-AF7AC088A1B7}"
EndProject
Global
	GlobalSection(SolutionConfigurationPlatforms) = preSolution
		Debug|Any CPU = Debug|Any CPU
		Debug|x64 = Debug|x64
		Debug|x86 = Debug|x86
		Release|Any CPU = Release|Any CPU
		Release|x64 = Release|x64
		Release|x86 = Release|x86
	EndGlobalSection
	GlobalSection(ProjectConfigurationPlatforms) = postSolution
		{8B4E2F1A-6C3D-4E5F-9A1B-2C3D4E5F6A7B}.Debug|Any CPU.ActiveCfg = Debug|Any CPU
		{8B4E2F1A-6C3D-4E5F-9A1B-2C3D4E5F6A7B}.Debug|Any CPU.Build.0 = Debug|Any CPU
		{8B4E2F1A-6C3D-4E5F-9A1B-2C3D4E5F6A7B}.Debug|x64.ActiveCfg = Debug|Any CPU
		{8B4E2F1A-6C3D-4E5F-9A1B-2C3D4E5F6A7B}.Debug|x64.Build.0 = Debug|Any CPU
		{8B4E2F1A-6C3D-4E5F-9A1B-2C3D4E5F6A7B}.Debug|x86.ActiveCfg = Debug|Any CPU
		{8B4E2F1A-6C3D-4E5F-9A1B-2C3D4E5F6A7B}.Debug|x86.Build.0 = Debug|Any CPU
		{8B4E2F1A-6C3D-4E5F-9A1B-2C3D4E5F6A7B}.Release|Any CPU.ActiveCfg = Release|Any CPU
		{8B4E2F1A-6C3D-4E5F-9A1B-2C3D4E5F6A7B}.Release|Any CPU.Build.0 = Release|Any CPU
		{8B4E2F1A-6C3D-4E5F-9A1B-2C3D4E5F6A7B}.Release|x64.ActiveCfg = Release|Any CPU
		{8B4E2F1A-6C3D-4E5F-9A1B-2C3D4E5F6A7B}.Release|x64.Build.0 = Release|Any CPU
		{8B4E2F1A-6C3D-4E5F-9A1B-2C3D4E5F6A7B}.Release|x86.ActiveCfg = Release|Any CPU
		{8B4E2F1A-6C3D-4E5F-9A1B-2C3D4E5F6A7B}.Release|x86.Build.0 = Release|Any CPU
		{9C5F3A2B-7D4E-5F6A-0B2C-3D4E5F6A7B8C}.Debug|Any CPU.ActiveCfg = Debug|Any CPU
		{9C5F3A2B-7D4E-5F6A-0B2C-3D4E5F6A7B8C}.Debug|Any CPU.Build.0 = Debug|Any CPU
		{9C5F3A2B-7D4E-5F6A-0B2C-3D4E5F6A7B8C}.Debug|x64.ActiveCfg = Debug|Any CPU
		{9C5F3A2B-7D4E-5F6A-0B2C-3D4E5F6A7B8C}.Debug|x64.Build.0 = Debug|Any CPU
		{9C5F3A2B-7D4E-5F6A-0B2C-3D4E5F6A7B8C}.Debug|x86.ActiveCfg = Debug|Any CPU
		{9C5F3A2B-7D4E-5F6A-0B2C-3D4E5F6A7B8C}.Debug|x86.Build.0 = Debug|Any CPU
		{9C5F3A2B-7D4E-5F6A-0B2C-3D4E5F6A7B8C}.Release|Any CPU.ActiveCfg = Release|Any CPU
		{9C5F3A2B-7D4E-5F6A-0B2C-3D4E5F6A7B8C}.Release|Any CPU.Build.0 = Release|Any CPU
		{9C5F3A2B-7D4E-5F6A-0B2C-3D4E5F6A7B8C}.Release|x64.ActiveCfg = Release|Any CPU
		{9C5F3A2B-7D4E-5F6A-0B2C-3D4E5F6A7B8C}.Release|x64.Build.0 = Release|Any CPU
		{9C5F3A2B-7D4E-5F6A-0B2C-3D4E5F6A7B8C}.Release|x86.ActiveCfg = Release|Any CPU
		{9C5F3A2B-7D4E-5F6A-0B2C-3D4E5F6A7B8C}.Release|x86.Build.0 = Release|Any CPU
		{0D6A4B3C-8E5F-6A7B-1C3D-4E5F6A7B8C9D}.Debug|Any CPU.ActiveCfg = Debug|Any CPU
		{0D6A4B3C-8E5F-6A7B-1C3D-4E5F6A7B8C9D}.Debug|Any CPU.Build.0 = Debug|Any CPU
		{0D6A4B3C-8E5F-6A7B-1C3D-4E5F6A7B8C9D}.Debug|x64.ActiveCfg = Debug|Any CPU
		{0D6A4B3C-8E5F-6A7B-1C3D-4E5F6A7B8C9D}.Debug|x64.Build.0 = Debug|Any CPU
		{0D6A4B3C-8E5F-6A7B-1C3D-4E5F6A7B8C9D}.Debug|x86.ActiveCfg = Debug|Any CPU
		{0D6A4B3C-8E5F-6A7B-1C3D-4E5F6A7B8C9D}.Debug|x86.Build.0 = Debug|Any CPU
		{0D6A4B3C-8E5F-6A7B-1C3D-4E5F6A7B8C9D}.Release|Any CPU.ActiveCfg = Release|Any CPU
		{0D6A4B3C-8E5F-6A7B-1C3D-4E5F6A7B8C9D}.Release|Any CPU.Build.0 = Release|Any CPU
		{0D6A4B3C-8E5F-6A7B-1C3D-4E5F6A7B8C9D}.Release|x64.ActiveCfg = Release|Any CPU
		{0D6A4B3C-8E5F-6A7B-1C3D-4E5F6A7B8C9D}.Release|x64.Build.0 = Release|Any CPU
		{0D6A4B3C-8E5F-6A7B-1C3D-4E5F6A7B8C9D}.Release|x86.ActiveCfg = Release|Any CPU
		{0D6A4B3C-8E5F-6A7B-1C3D-4E5F6A7B8C9D}.Release|x86.Build.0 = Release|Any CPU
		{1E7A5B4D-9F6A-7B8C-2D4E-5F6A7B8C9D0E}.Debug|Any CPU.ActiveCfg = Debug|Any CPU
		{1E7A5B4D-9F6A-7B8C-2D4E-5F6A7B8C9D0E}.Debug|Any CPU.Build.0 = Debug|Any CPU
		{1E7A5B4D-9F6A-7B8C-2D4E-5F6A7B8C9D0E}.Debug|x64.ActiveCfg = Debug|Any CPU
		{1E7A5B4D-9F6A-7B8C-2D4E-5F6A7B8C9D0E}.Debug|x64.Build.0 = Debug|Any CPU
		{1E7A5B4D-9F6A-7B8C-2D4E-5F6A7B8C9D0E}.Debug|x86.ActiveCfg = Debug|Any CPU
		{1E7A5B4D-9F6A-7B8C-2D4E-5F6A7B8C9D0E}.Debug|x86.Build.0 = Debug|Any CPU
		{1E7A5B4D-9F6A-7B8C-2D4E-5F6A7B8C9D0E}.Release|Any CPU.ActiveCfg = Release|Any CPU
		{1E7A5B4D-9F6A-7B8C-2D4E-5F6A7B8C9D0E}.Release|Any CPU.Build.0 = Release|Any CPU
		{1E7A5B4D-9F6A-7B8C-2D4E-5F6A7B8C9D0E}.Release|x64.ActiveCfg = Release|Any CPU
		{1E7A5B4D-9F6A-7B8C-2D4E-5F6A7B8C9D0E}.Release|x64.Build.0 = Release|Any CPU
		{1E7A5B4D-9F6A-7B8C-2D4E-5F6A7B8C9D0E}.Release|x86.ActiveCfg = Release|Any CPU
		{1E7A5B4D-9F6A-7B8C-2D4E-5F6A7B8C9D0E}.Release|x86.Build.0 = Release|Any CPU
		{2F8B6C5E-0A7B-8C9D-3E5F-6A7B8C9D0E1F}.Debug|Any CPU.ActiveCfg = Debug|Any CPU
		{2F8B6C5E-0A7B-8C9D-3E5F-6A7B8C9D0E1F}.Debug|Any CPU.Build.0 = Debug|Any CPU
		{2F8B6C5E-0A7B-8C9D-3E5F-6A7B8C9D0E1F}.Debug|x64.ActiveCfg = Debug|Any CPU
		{2F8B6C5E-0A7B-8C9D-3E5F-6A7B8C9D0E1F}.Debug|x64.Build.0 = Debug|Any CPU
		{2F8B6C5E-0A7B-8C9D-3E5F-6A7B8C9D0E1F}.Debug|x86.ActiveCfg = Debug|Any CPU
		{2F8B6C5E-0A7B-8C9D-3E5F-6A7B8C9D0E1F}.Debug|x86.Build.0 = Debug|Any CPU
		{2F8B6C5E-0A7B-8C9D-3E5F-6A7B8C9D0E1F}.Release|Any CPU.ActiveCfg = Release|Any CPU
		{2F8B6C5E-0A7B-8C9D-3E5F-6A7B8C9D0E1F}.Release|Any CPU.Build.0 = Release|Any CPU
		{2F8B6C5E-0A7B-8C9D-3E5F-6A7B8C9D0E1F}.Release|x64.ActiveCfg = Release|Any CPU
		{2F8B6C5E-0A7B-8C9D-3E5F-6A7B8C9D0E1F}.Release|x64.Build.0 = Release|Any CPU
		{2F8B6C5E-0A7B-8C9D-3E5F-6A7B8C9D0E1F}.Release|x86.ActiveCfg = Release|Any CPU
		{2F8B6C5E-0A7B-8C9D-3E5F-6A7B8C9D0E1F}.Release|x86.Build.0 = Release|Any CPU
		{3A9C7D6F-1B8C-9D0E-4F6A-7B8C9D0E1F2A}.Debug|Any CPU.ActiveCfg = Debug|Any CPU
		{3A9C7D6F-1B8C-9D0E-4F6A-7B8C9D0E1F2A}.Debug|Any CPU.Build.0 = Debug|Any CPU
		{3A9C7D6F-1B8C-9D0E-4F6A-7B8C9D0E1F2A}.Debug|x64.ActiveCfg = Debug|Any CPU
		{3A9C7D6F-1B8C-9D0E-4F6A-7B8C9D0E1F2A}.Debug|x64.Build.0 = Debug|Any CPU
		{3A9C7D6F-1B8C-9D0E-4F6A-7B8C9D0E1F2A}.Debug|x86.ActiveCfg = Debug|Any CPU
		{3A9C7D6F-1B8C-9D0E-4F6A-7B8C9D0E1F2A}.Debug|x86.Build.0 = Debug|Any CPU
		{3A9C7D6F-1B8C-9D0E-4F6A-7B8C9D0E1F2A}.Release|Any CPU.ActiveCfg = Release|Any CPU
		{3A9C7D6F-1B8C-9D0E-4F6A-7B8C9D0E1F2A}.Release|Any CPU.Build.0 = Release|Any CPU
		{3A9C7D6F-1B8C-9D0E-4F6A-7B8C9D0E1F2A}.Release|x64.ActiveCfg = Release|Any CPU
		{3A9C7D6F-1B8C-9D0E-4F6A-7B8C9D0E1F2A}.Release|x64.Build.0 = Release|Any CPU
		{3A9C7D6F-1B8C-9D0E-4F6A-7B8C9D0E1F2A}.Release|x86.ActiveCfg = Release|Any CPU
		{3A9C7D6F-1B8C-9D0E-4F6A-7B8C9D0E1F2A}.Release|x86.Build.0 = Release|Any CPU
		{4B0D8E7A-2C9D-0E1F-5A7B-8C9D0E1F2A3B}.Debug|Any CPU.ActiveCfg = Debug|Any CPU
		{4B0D8E7A-2C9D-0E1F-5A7B-8C9D0E1F2A3B}.Debug|Any CPU.Build.0 = Debug|Any CPU
		{4B0D8E7A-2C9D-0E1F-5A7B-8C9D0E1F2A3B}.Debug|x64.ActiveCfg = Debug|Any CPU
		{4B0D8E7A-2C9D-0E1F-5A7B-8C9D0E1F2A3B}.Debug|x64.Build.0 = Debug|Any CPU
		{4B0D8E7A-2C9D-0E1F-5A7B-8C9D0E1F2A3B}.Debug|x86.ActiveCfg = Debug|Any CPU
		{4B0D8E7A-2C9D-0E1F-5A7B-8C9D0E1F2A3B}.Debug|x86.Build.0 = Debug|Any CPU
		{4B0D8E7A-2C9D-0E1F-5A7B-8C9D0E1F2A3B}.Release|Any CPU.ActiveCfg = Release|Any CPU
		{4B0D8E7A-2C9D-0E1F-5A7B-8C9D0E1F2A3B}.Release|Any CPU.Build.0 = Release|Any CPU
		{4B0D8E7A-2C9D-0E1F-5A7B-8C9D0E1F2A3B}.Release|x64.ActiveCfg = Release|Any CPU
		{4B0D8E7A-2C9D-0E1F-5A7B-8C9D0E1F2A3B}.Release|x64.Build.0 = Release|Any CPU
		{4B0D8E7A-2C9D-0E1F-5A7B-8C9D0E1F2A3B}.Release|x86.ActiveCfg = Release|Any CPU
		{4B0D8E7A-2C9D-0E1F-5A7B-8C9D0E1F2A3B}.Release|x86.Build.0 = Release|Any CPU
		{5C1E9F8B-3D0E-1F2A-6B8C-9D0E1F2A3B4C}.Debug|Any CPU.ActiveCfg = Debug|Any CPU
		{5C1E9F8B-3D0E-1F2A-6B8C-9D0E1F2A3B4C}.Debug|Any CPU.Build.0 = Debug|Any CPU
		{5C1E9F8B-3D0E-1F2A-6B8C-9D0E1F2A3B4C}.Debug|x64.ActiveCfg = Debug|Any CPU
		{5C1E9F8B-3D0E-1F2A-6B8C-9D0E1F2A3B4C}.Debug|x64.Build.0 = Debug|Any CPU
		{5C1E9F8B-3D0E-1F2A-6B8C-9D0E1F2A3B4C}.Debug|x86.ActiveCfg = Debug|Any CPU
		{5C1E9F8B-3D0E-1F2A-6B8C-9D0E1F2A3B4C}.Debug|x86.Build.0 = Debug|Any CPU
		{5C1E9F8B-3D0E-1F2A-6B8C-9D0E1F2A3B4C}.Release|Any CPU.ActiveCfg = Release|Any CPU
		{5C1E9F8B-3D0E-1F2A-6B8C-9D0E1F2A3B4C}.Release|Any CPU.Build.0 = Release|Any CPU
		{5C1E9F8B-3D0E-1F2A-6B8C-9D0E1F2A3B4C}.Release|x64.ActiveCfg = Release|Any CPU
		{5C1E9F8B-3D0E-1F2A-6B8C-9D0E1F2A3B4C}.Release|x64.Build.0 = Release|Any CPU
		{5C1E9F8B-3D0E-1F2A-6B8C-9D0E1F2A3B4C}.Release|x86.ActiveCfg = Release|Any CPU
		{5C1E9F8B-3D0E-1F2A-6B8C-9D0E1F2A3B4C}.Release|x86.Build.0 = Release|Any CPU
		{2DA72ADB-9158-4F58-A24C-249F27856E9E}.Debug|Any CPU.ActiveCfg = Debug|Any CPU
		{2DA72ADB-9158-4F58-A24C-249F27856E9E}.Debug|Any CPU.Build.0 = Debug|Any CPU
		{2DA72ADB-9158-4F58-A24C-249F27856E9E}.Debug|x64.ActiveCfg = Debug|Any CPU
		{2DA72ADB-9158-4F58-A24C-249F27856E9E}.Debug|x64.Build.0 = Debug|Any CPU
		{2DA72ADB-9158-4F58-A24C-249F27856E9E}.Debug|x86.ActiveCfg = Debug|Any CPU
		{2DA72ADB-9158-4F58-A24C-249F27856E9E}.Debug|x86.Build.0 = Debug|Any CPU
		{2DA72ADB-9158-4F58-A24C-249F27856E9E}.Release|Any CPU.ActiveCfg = Release|Any CPU
		{2DA72ADB-9158-4F58-A24C-249F27856E9E}.Release|Any CPU.Build.0 = Release|Any CPU
		{2DA72ADB-9158-4F58-A24C-249F27856E9E}.Release|x64.ActiveCfg = Release|Any CPU
		{2DA72ADB-9158-4F58-A24C-249F27856E9E}.Release|x64.Build.0 = Release|Any CPU
		{2DA72ADB-9158-4F58-A24C-249F27856E9E}.Release|x86.ActiveCfg = Release|Any CPU
		{2DA72ADB-9158-4F58-A24C-249F27856E9E}.Release|x86.Build.0 = Release|Any CPU
		{769EC468-90FD-41C9-8A09-76F5691E3F98}.Debug|Any CPU.ActiveCfg = Debug|Any CPU
		{769EC468-90FD-41C9-8A09-76F5691E3F98}.Debug|Any CPU.Build.0 = Debug|Any CPU
		{769EC468-90FD-41C9-8A09-76F5691E3F98}.Debug|x64.ActiveCfg = Debug|Any CPU
		{769EC468-90FD-41C9-8A09-76F5691E3F98}.Debug|x64.Build.0 = Debug|Any CPU
		{769EC468-90FD-41C9-8A09-76F5691E3F98}.Debug|x86.ActiveCfg = Debug|Any CPU
		{769EC468-90FD-41C9-8A09-76F5691E3F98}.Debug|x86.Build.0 = Debug|Any CPU
		{769EC468-90FD-41C9-8A09-76F5691E3F98}.Release|Any CPU.ActiveCfg = Release|Any CPU
		{769EC468-90FD-41C9-8A09-76F5691E3F98}.Release|Any CPU.Build.0 = Release|Any CPU
		{769EC468-90FD-41C9-8A09-76F5691E3F98}.Release|x64.ActiveCfg = Release|Any CPU
		{769EC468-90FD-41C9-8A09-76F5691E3F98}.Release|x64.Build.0 = Release|Any CPU
		{769EC468-90FD-41C9-8A09-76F5691E3F98}.Release|x86.ActiveCfg = Release|Any CPU
		{769EC468-90FD-41C9-8A09-76F5691E3F98}.Release|x86.Build.0 = Release|Any CPU
		{EAF357DB-D7E8-45C5-8753-3DF0CBDADB90}.Debug|Any CPU.ActiveCfg = Debug|Any CPU
		{EAF357DB-D7E8-45C5-8753-3DF0CBDADB90}.Debug|Any CPU.Build.0 = Debug|Any CPU
		{EAF357DB-D7E8-45C5-8753-3DF0CBDADB90}.Debug|x64.ActiveCfg = Debug|Any CPU
		{EAF357DB-D7E8-45C5-8753-3DF0CBDADB90}.Debug|x64.Build.0 = Debug|Any CPU
		{EAF357DB-D7E8-45C5-8753-3DF0CBDADB90}.Debug|x86.ActiveCfg = Debug|Any CPU
		{EAF357DB-D7E8-45C5-8753-3DF0CBDADB90}.Debug|x86.Build.0 = Debug|Any CPU
		{EAF357DB-D7E8-45C5-8753-3DF0CBDADB90}.Release|Any CPU.ActiveCfg = Release|Any CPU
		{EAF357DB-D7E8-45C5-8753-3DF0CBDADB90}.Release|Any CPU.Build.0 = Release|Any CPU
		{EAF357DB-D7E8-45C5-8753-3DF0CBDADB90}.Release|x64.ActiveCfg = Release|Any CPU
		{EAF357DB-D7E8-45C5-8753-3DF0CBDADB90}.Release|x64.Build.0 = Release|Any CPU
		{EAF357DB-D7E8-45C5-8753-3DF0CBDADB90}.Release|x86.ActiveCfg = Release|Any CPU
		{EAF357DB-D7E8-45C5-8753-3DF0CBDADB90}.Release|x86.Build.0 = Release|Any CPU
		{D402E132-3EAE-4631-A305-AF7AC088A1B7}.Debug|Any CPU.ActiveCfg = Debug|Any CPU
		{D402E132-3EAE-4631-A305-AF7AC088A1B7}.Debug|Any CPU.Build.0 = Debug|Any CPU
		{D402E132-3EAE-4631-A305-AF7AC088A1B7}.Debug|x64.ActiveCfg = Debug|Any CPU
		{D402E132-3EAE-4631-A305-AF7AC088A1B7}.Debug|x64.Build.0 = Debug|Any CPU
		{D402E132-3EAE-4631-A305-AF7AC088A1B7}.Debug|x86.ActiveCfg = Debug|Any CPU
		{D402E132-3EAE-4631-A305-AF7AC088A1B7}.Debug|x86.Build.0 = Debug|Any CPU
		{D402E132-3EAE-4631-A305-AF7AC088A1B7}.Release|Any CPU.ActiveCfg = Release|Any CPU
		{D402E132-3EAE-4631-A305-AF7AC088A1B7}.Release|Any CPU.Build.0 = Release|Any CPU
		{D402E132-3EAE-4631-A305-AF7AC088A1B7}.Release|x64.ActiveCfg = Release|Any CPU
		{D402E132-3EAE-4631-A305-AF7AC088A1B7}.Release|x64.Build.0 = Release|Any CPU
		{D402E132-3EAE-4631-A305-AF7AC088A1B7}.Release|x86.ActiveCfg = Release|Any CPU
		{D402E132-3EAE-4631-A305-AF7AC088A1B7}.Release|x86.Build.0 = Release|Any CPU
	EndGlobalSection
	GlobalSection(SolutionProperties) = preSolution
		HideSolutionNode = FALSE
	EndGlobalSection
	GlobalSection(NestedProjects) = preSolution
		{A1B2C3D4-E5F6-7890-ABCD-EF1234567890} = {827E0CD3-B72D-47B6-A68D-7590B98EB39B}
		{B2C3D4E5-F6A7-8901-BCDE-F23456789012} = {827E0CD3-B72D-47B6-A68D-7590B98EB39B}
		{8B4E2F1A-6C3D-4E5F-9A1B-2C3D4E5F6A7B} = {A1B2C3D4-E5F6-7890-ABCD-EF1234567890}
		{9C5F3A2B-7D4E-5F6A-0B2C-3D4E5F6A7B8C} = {A1B2C3D4-E5F6-7890-ABCD-EF1234567890}
		{0D6A4B3C-8E5F-6A7B-1C3D-4E5F6A7B8C9D} = {A1B2C3D4-E5F6-7890-ABCD-EF1234567890}
		{1E7A5B4D-9F6A-7B8C-2D4E-5F6A7B8C9D0E} = {A1B2C3D4-E5F6-7890-ABCD-EF1234567890}
		{2F8B6C5E-0A7B-8C9D-3E5F-6A7B8C9D0E1F} = {B2C3D4E5-F6A7-8901-BCDE-F23456789012}
		{3A9C7D6F-1B8C-9D0E-4F6A-7B8C9D0E1F2A} = {B2C3D4E5-F6A7-8901-BCDE-F23456789012}
		{4B0D8E7A-2C9D-0E1F-5A7B-8C9D0E1F2A3B} = {B2C3D4E5-F6A7-8901-BCDE-F23456789012}
		{5C1E9F8B-3D0E-1F2A-6B8C-9D0E1F2A3B4C} = {B2C3D4E5-F6A7-8901-BCDE-F23456789012}
		{219B5108-F93C-06A9-5829-D550687635DB} = {827E0CD3-B72D-47B6-A68D-7590B98EB39B}
		{2DA72ADB-9158-4F58-A24C-249F27856E9E} = {219B5108-F93C-06A9-5829-D550687635DB}
		{769EC468-90FD-41C9-8A09-76F5691E3F98} = {219B5108-F93C-06A9-5829-D550687635DB}
		{EAF357DB-D7E8-45C5-8753-3DF0CBDADB90} = {219B5108-F93C-06A9-5829-D550687635DB}
		{D402E132-3EAE-4631-A305-AF7AC088A1B7} = {219B5108-F93C-06A9-5829-D550687635DB}
	EndGlobalSection
	GlobalSection(ExtensibilityGlobals) = postSolution
		SolutionGuid = {BB5FCDCC-5A79-46AF-AEAD-AD2CA6FC72B1}
	EndGlobalSection
EndGlobal
