
Microsoft Visual Studio Solution File, Format Version 12.00
# Visual Studio Version 17
Project("{2150E333-8FDC-42A3-9474-1A3956D46DE8}") = "GHOST", "GHOST", "{A1B2C3D4-E5F6-7890-ABCD-EF1234567890}"
EndProject
Project("{2150E333-8FDC-42A3-9474-1A3956D46DE8}") = "FOLHA", "FOLHA", "{B2C3D4E5-F6A7-8901-BCDE-F23456789012}"
EndProject
Project("{FAE04EC0-301F-11D3-BF4B-00C04F79EFBC}") = "Domain", "src\GHOST\Domain\Domain.csproj", "{8B4E2F1A-6C3D-4E5F-9A1B-2C3D4E5F6A7B}"
EndProject
Project("{FAE04EC0-301F-11D3-BF4B-00C04F79EFBC}") = "Application", "src\GHOST\Application\Application.csproj", "{9C5F3A2B-7D4E-5F6A-0B2C-3D4E5F6A7B8C}"
EndProject
Project("{FAE04EC0-301F-11D3-BF4B-00C04F79EFBC}") = "Infrastructure", "src\GHOST\Infrastructure\Infrastructure.csproj", "{0D6A4B3C-8E5F-6A7B-1C3D-4E5F6A7B8C9D}"
EndProject
Project("{FAE04EC0-301F-11D3-BF4B-00C04F79EFBC}") = "Api", "src\GHOST\Api\Api.csproj", "{1E7A5B4D-9F6A-7B8C-2D4E-5F6A7B8C9D0E}"
EndProject
Project("{FAE04EC0-301F-11D3-BF4B-00C04F79EFBC}") = "Folha.Domain", "src\FOLHA\Folha.Domain\Folha.Domain.csproj", "{2F8B6C5E-0A7B-8C9D-3E5F-6A7B8C9D0E1F}"
EndProject
Project("{FAE04EC0-301F-11D3-BF4B-00C04F79EFBC}") = "Folha.Application", "src\FOLHA\Folha.Application\Folha.Application.csproj", "{3A9C7D6F-1B8C-9D0E-4F6A-7B8C9D0E1F2A}"
EndProject
Project("{FAE04EC0-301F-11D3-BF4B-00C04F79EFBC}") = "Folha.Infrastructure", "src\FOLHA\Folha.Infrastructure\Folha.Infrastructure.csproj", "{4B0D8E7A-2C9D-0E1F-5A7B-8C9D0E1F2A3B}"
EndProject
Project("{FAE04EC0-301F-11D3-BF4B-00C04F79EFBC}") = "Folha.Api", "src\FOLHA\Folha.Api\Folha.Api.csproj", "{5C1E9F8B-3D0E-1F2A-6B8C-9D0E1F2A3B4C}"
EndProject
Global
	GlobalSection(SolutionConfigurationPlatforms) = preSolution
		Debug|Any CPU = Debug|Any CPU
		Release|Any CPU = Release|Any CPU
	EndGlobalSection
	GlobalSection(ProjectConfigurationPlatforms) = postSolution
		{8B4E2F1A-6C3D-4E5F-9A1B-2C3D4E5F6A7B}.Debug|Any CPU.ActiveCfg = Debug|Any CPU
		{8B4E2F1A-6C3D-4E5F-9A1B-2C3D4E5F6A7B}.Debug|Any CPU.Build.0 = Debug|Any CPU
		{8B4E2F1A-6C3D-4E5F-9A1B-2C3D4E5F6A7B}.Release|Any CPU.ActiveCfg = Release|Any CPU
		{8B4E2F1A-6C3D-4E5F-9A1B-2C3D4E5F6A7B}.Release|Any CPU.Build.0 = Release|Any CPU
		{9C5F3A2B-7D4E-5F6A-0B2C-3D4E5F6A7B8C}.Debug|Any CPU.ActiveCfg = Debug|Any CPU
		{9C5F3A2B-7D4E-5F6A-0B2C-3D4E5F6A7B8C}.Debug|Any CPU.Build.0 = Debug|Any CPU
		{9C5F3A2B-7D4E-5F6A-0B2C-3D4E5F6A7B8C}.Release|Any CPU.ActiveCfg = Release|Any CPU
		{9C5F3A2B-7D4E-5F6A-0B2C-3D4E5F6A7B8C}.Release|Any CPU.Build.0 = Release|Any CPU
		{0D6A4B3C-8E5F-6A7B-1C3D-4E5F6A7B8C9D}.Debug|Any CPU.ActiveCfg = Debug|Any CPU
		{0D6A4B3C-8E5F-6A7B-1C3D-4E5F6A7B8C9D}.Debug|Any CPU.Build.0 = Debug|Any CPU
		{0D6A4B3C-8E5F-6A7B-1C3D-4E5F6A7B8C9D}.Release|Any CPU.ActiveCfg = Release|Any CPU
		{0D6A4B3C-8E5F-6A7B-1C3D-4E5F6A7B8C9D}.Release|Any CPU.Build.0 = Release|Any CPU
		{1E7A5B4D-9F6A-7B8C-2D4E-5F6A7B8C9D0E}.Debug|Any CPU.ActiveCfg = Debug|Any CPU
		{1E7A5B4D-9F6A-7B8C-2D4E-5F6A7B8C9D0E}.Debug|Any CPU.Build.0 = Debug|Any CPU
		{1E7A5B4D-9F6A-7B8C-2D4E-5F6A7B8C9D0E}.Release|Any CPU.ActiveCfg = Release|Any CPU
		{1E7A5B4D-9F6A-7B8C-2D4E-5F6A7B8C9D0E}.Release|Any CPU.Build.0 = Release|Any CPU
		{2F8B6C5E-0A7B-8C9D-3E5F-6A7B8C9D0E1F}.Debug|Any CPU.ActiveCfg = Debug|Any CPU
		{2F8B6C5E-0A7B-8C9D-3E5F-6A7B8C9D0E1F}.Debug|Any CPU.Build.0 = Debug|Any CPU
		{2F8B6C5E-0A7B-8C9D-3E5F-6A7B8C9D0E1F}.Release|Any CPU.ActiveCfg = Release|Any CPU
		{2F8B6C5E-0A7B-8C9D-3E5F-6A7B8C9D0E1F}.Release|Any CPU.Build.0 = Release|Any CPU
		{3A9C7D6F-1B8C-9D0E-4F6A-7B8C9D0E1F2A}.Debug|Any CPU.ActiveCfg = Debug|Any CPU
		{3A9C7D6F-1B8C-9D0E-4F6A-7B8C9D0E1F2A}.Debug|Any CPU.Build.0 = Debug|Any CPU
		{3A9C7D6F-1B8C-9D0E-4F6A-7B8C9D0E1F2A}.Release|Any CPU.ActiveCfg = Release|Any CPU
		{3A9C7D6F-1B8C-9D0E-4F6A-7B8C9D0E1F2A}.Release|Any CPU.Build.0 = Release|Any CPU
		{4B0D8E7A-2C9D-0E1F-5A7B-8C9D0E1F2A3B}.Debug|Any CPU.ActiveCfg = Debug|Any CPU
		{4B0D8E7A-2C9D-0E1F-5A7B-8C9D0E1F2A3B}.Debug|Any CPU.Build.0 = Debug|Any CPU
		{4B0D8E7A-2C9D-0E1F-5A7B-8C9D0E1F2A3B}.Release|Any CPU.ActiveCfg = Release|Any CPU
		{4B0D8E7A-2C9D-0E1F-5A7B-8C9D0E1F2A3B}.Release|Any CPU.Build.0 = Release|Any CPU
		{5C1E9F8B-3D0E-1F2A-6B8C-9D0E1F2A3B4C}.Debug|Any CPU.ActiveCfg = Debug|Any CPU
		{5C1E9F8B-3D0E-1F2A-6B8C-9D0E1F2A3B4C}.Debug|Any CPU.Build.0 = Debug|Any CPU
		{5C1E9F8B-3D0E-1F2A-6B8C-9D0E1F2A3B4C}.Release|Any CPU.ActiveCfg = Release|Any CPU
		{5C1E9F8B-3D0E-1F2A-6B8C-9D0E1F2A3B4C}.Release|Any CPU.Build.0 = Release|Any CPU
	EndGlobalSection
	GlobalSection(NestedProjects) = preSolution
		{8B4E2F1A-6C3D-4E5F-9A1B-2C3D4E5F6A7B} = {A1B2C3D4-E5F6-7890-ABCD-EF1234567890}
		{9C5F3A2B-7D4E-5F6A-0B2C-3D4E5F6A7B8C} = {A1B2C3D4-E5F6-7890-ABCD-EF1234567890}
		{0D6A4B3C-8E5F-6A7B-1C3D-4E5F6A7B8C9D} = {A1B2C3D4-E5F6-7890-ABCD-EF1234567890}
		{1E7A5B4D-9F6A-7B8C-2D4E-5F6A7B8C9D0E} = {A1B2C3D4-E5F6-7890-ABCD-EF1234567890}
		{2F8B6C5E-0A7B-8C9D-3E5F-6A7B8C9D0E1F} = {B2C3D4E5-F6A7-8901-BCDE-F23456789012}
		{3A9C7D6F-1B8C-9D0E-4F6A-7B8C9D0E1F2A} = {B2C3D4E5-F6A7-8901-BCDE-F23456789012}
		{4B0D8E7A-2C9D-0E1F-5A7B-8C9D0E1F2A3B} = {B2C3D4E5-F6A7-8901-BCDE-F23456789012}
		{5C1E9F8B-3D0E-1F2A-6B8C-9D0E1F2A3B4C} = {B2C3D4E5-F6A7-8901-BCDE-F23456789012}
	EndGlobalSection
EndGlobal
